
Microsoft Visual Studio Solution File, Format Version 12.00
# Visual Studio Version 17
VisualStudioVersion = 17.13.35931.197
MinimumVisualStudioVersion = 10.0.40219.1
Project("{FAE04EC0-301F-11D3-BF4B-00C04F79EFBC}") = "Apha.Common", "..\Apha.Common\Apha.Common.csproj", "{6DDA45D5-FE28-4BC2-A547-EDD8C6FCD3E2}"
EndProject
Project("{FAE04EC0-301F-11D3-BF4B-00C04F79EFBC}") = "Apha.FPS.Api", "Apha.FPS.Api\Apha.FPS.Api.csproj", "{5263AD41-6FE8-2644-5DF1-AE7C8077543C}"
EndProject
Project("{FAE04EC0-301F-11D3-BF4B-00C04F79EFBC}") = "Apha.FPS.Application", "Apha.FPS.Application\Apha.FPS.Application.csproj", "{6F57D340-8984-B2EB-2468-BF3799B4C065}"
EndProject
Project("{FAE04EC0-301F-11D3-BF4B-00C04F79EFBC}") = "Apha.FPS.Core", "Apha.FPS.Core\Apha.FPS.Core.csproj", "{08062EF7-43F5-AC3A-6207-BF9B955C6D75}"
EndProject
Project("{FAE04EC0-301F-11D3-BF4B-00C04F79EFBC}") = "Apha.FPS.DataAccess", "Apha.FPS.DataAccess\Apha.FPS.DataAccess.csproj", "{0E09CD6D-04BB-3A50-6DC9-B171DEEBB997}"
EndProject
Global
	GlobalSection(SolutionConfigurationPlatforms) = preSolution
		Debug|Any CPU = Debug|Any CPU
		Release|Any CPU = Release|Any CPU
	EndGlobalSection
	GlobalSection(ProjectConfigurationPlatforms) = postSolution
		{6DDA45D5-FE28-4BC2-A547-EDD8C6FCD3E2}.Debug|Any CPU.ActiveCfg = Debug|Any CPU
		{6DDA45D5-FE28-4BC2-A547-EDD8C6FCD3E2}.Debug|Any CPU.Build.0 = Debug|Any CPU
		{6DDA45D5-FE28-4BC2-A547-EDD8C6FCD3E2}.Release|Any CPU.ActiveCfg = Release|Any CPU
		{6DDA45D5-FE28-4BC2-A547-EDD8C6FCD3E2}.Release|Any CPU.Build.0 = Release|Any CPU
		{5263AD41-6FE8-2644-5DF1-AE7C8077543C}.Debug|Any CPU.ActiveCfg = Debug|Any CPU
		{5263AD41-6FE8-2644-5DF1-AE7C8077543C}.Debug|Any CPU.Build.0 = Debug|Any CPU
		{5263AD41-6FE8-2644-5DF1-AE7C8077543C}.Release|Any CPU.ActiveCfg = Release|Any CPU
		{5263AD41-6FE8-2644-5DF1-AE7C8077543C}.Release|Any CPU.Build.0 = Release|Any CPU
		{6F57D340-8984-B2EB-2468-BF3799B4C065}.Debug|Any CPU.ActiveCfg = Debug|Any CPU
		{6F57D340-8984-B2EB-2468-BF3799B4C065}.Debug|Any CPU.Build.0 = Debug|Any CPU
		{6F57D340-8984-B2EB-2468-BF3799B4C065}.Release|Any CPU.ActiveCfg = Release|Any CPU
		{6F57D340-8984-B2EB-2468-BF3799B4C065}.Release|Any CPU.Build.0 = Release|Any CPU
		{08062EF7-43F5-AC3A-6207-BF9B955C6D75}.Debug|Any CPU.ActiveCfg = Debug|Any CPU
		{08062EF7-43F5-AC3A-6207-BF9B955C6D75}.Debug|Any CPU.Build.0 = Debug|Any CPU
		{08062EF7-43F5-AC3A-6207-BF9B955C6D75}.Release|Any CPU.ActiveCfg = Release|Any CPU
		{08062EF7-43F5-AC3A-6207-BF9B955C6D75}.Release|Any CPU.Build.0 = Release|Any CPU
		{0E09CD6D-04BB-3A50-6DC9-B171DEEBB997}.Debug|Any CPU.ActiveCfg = Debug|Any CPU
		{0E09CD6D-04BB-3A50-6DC9-B171DEEBB997}.Debug|Any CPU.Build.0 = Debug|Any CPU
		{0E09CD6D-04BB-3A50-6DC9-B171DEEBB997}.Release|Any CPU.ActiveCfg = Release|Any CPU
		{0E09CD6D-04BB-3A50-6DC9-B171DEEBB997}.Release|Any CPU.Build.0 = Release|Any CPU
	EndGlobalSection
	GlobalSection(SolutionProperties) = preSolution
		HideSolutionNode = FALSE
	EndGlobalSection
	GlobalSection(ExtensibilityGlobals) = postSolution
		SolutionGuid = {4A7A443D-AFB3-42D4-ADAB-6F18D564EC0C}
	EndGlobalSection
EndGlobal
