agent-name: Access Form to ASP.NET Core
form-name: FPS frmMaintAnimals
current-phase: Build Verification
started: 2026-05-18T11:45:55

| Phase                   | Start               | Status      | End                 | Reason                          |
|-------------------------|---------------------|-------------|---------------------|---------------------------------|
| Initialization          | 2026-05-18T11:45:55 | COMPLETED   | 2026-05-18T11:49:09 |                                 |
| Read Source Files       | 2026-05-18T11:49:09 | COMPLETED   | 2026-05-18T11:50:46 |                                 |
| Phase 1 - Backend       | 2026-05-18T11:50:46 | COMPLETED   | 2026-05-18T11:53:32 |                                 |
| Phase 2 - Frontend      | 2026-05-18T11:53:32 | COMPLETED   | 2026-05-18T12:02:18 |                                 |
| Build Verification      | 2026-05-18T12:02:18 | IN-PROGRESS |                     |                                 |
